// !$*UTF8*$!
{
	archiveVersion = 1;
	classes = {
	};
	objectVersion = 50;
	objects = {

/* Begin PBXBuildFile section */
		8B698C5C24150CEA0063E61A /* AppDelegate.swift in Sources */ = {isa = PBXBuildFile; fileRef = 8B698C5B24150CEA0063E61A /* AppDelegate.swift */; };
		8B698C5E24150CEA0063E61A /* SceneDelegate.swift in Sources */ = {isa = PBXBuildFile; fileRef = 8B698C5D24150CEA0063E61A /* SceneDelegate.swift */; };
		8B698C6024150CEA0063E61A /* UserPalettesView.swift in Sources */ = {isa = PBXBuildFile; fileRef = 8B698C5F24150CEA0063E61A /* UserPalettesView.swift */; };
		8B698C6224150CEB0063E61A /* Assets.xcassets in Resources */ = {isa = PBXBuildFile; fileRef = 8B698C6124150CEB0063E61A /* Assets.xcassets */; };
		8B698C6524150CEB0063E61A /* Preview Assets.xcassets in Resources */ = {isa = PBXBuildFile; fileRef = 8B698C6424150CEB0063E61A /* Preview Assets.xcassets */; };
		8B698C6824150CEB0063E61A /* LaunchScreen.storyboard in Resources */ = {isa = PBXBuildFile; fileRef = 8B698C6624150CEB0063E61A /* LaunchScreen.storyboard */; };
		8B698C702415116D0063E61A /* UserPalettesViewModel.swift in Sources */ = {isa = PBXBuildFile; fileRef = 8B698C6F2415116D0063E61A /* UserPalettesViewModel.swift */; };
		8B698C722415134B0063E61A /* Palette.swift in Sources */ = {isa = PBXBuildFile; fileRef = 8B698C712415134B0063E61A /* Palette.swift */; };
		8B698C74241517E80063E61A /* MainTapBarView.swift in Sources */ = {isa = PBXBuildFile; fileRef = 8B698C73241517E80063E61A /* MainTapBarView.swift */; };
		8B698C76241579C60063E61A /* PaletteDetailView.swift in Sources */ = {isa = PBXBuildFile; fileRef = 8B698C75241579C60063E61A /* PaletteDetailView.swift */; };
		8B698C78241613290063E61A /* PaletteRow.swift in Sources */ = {isa = PBXBuildFile; fileRef = 8B698C77241613290063E61A /* PaletteRow.swift */; };
/* End PBXBuildFile section */

/* Begin PBXFileReference section */
		8B698C5824150CEA0063E61A /* ColorPalette.app */ = {isa = PBXFileReference; explicitFileType = wrapper.application; includeInIndex = 0; path = ColorPalette.app; sourceTree = BUILT_PRODUCTS_DIR; };
		8B698C5B24150CEA0063E61A /* AppDelegate.swift */ = {isa = PBXFileReference; lastKnownFileType = sourcecode.swift; path = AppDelegate.swift; sourceTree = "<group>"; };
		8B698C5D24150CEA0063E61A /* SceneDelegate.swift */ = {isa = PBXFileReference; lastKnownFileType = sourcecode.swift; path = SceneDelegate.swift; sourceTree = "<group>"; };
		8B698C5F24150CEA0063E61A /* UserPalettesView.swift */ = {isa = PBXFileReference; lastKnownFileType = sourcecode.swift; path = UserPalettesView.swift; sourceTree = "<group>"; };
		8B698C6124150CEB0063E61A /* Assets.xcassets */ = {isa = PBXFileReference; lastKnownFileType = folder.assetcatalog; path = Assets.xcassets; sourceTree = "<group>"; };
		8B698C6424150CEB0063E61A /* Preview Assets.xcassets */ = {isa = PBXFileReference; lastKnownFileType = folder.assetcatalog; path = "Preview Assets.xcassets"; sourceTree = "<group>"; };
		8B698C6724150CEB0063E61A /* Base */ = {isa = PBXFileReference; lastKnownFileType = file.storyboard; name = Base; path = Base.lproj/LaunchScreen.storyboard; sourceTree = "<group>"; };
		8B698C6924150CEB0063E61A /* Info.plist */ = {isa = PBXFileReference; lastKnownFileType = text.plist.xml; path = Info.plist; sourceTree = "<group>"; };
		8B698C6F2415116D0063E61A /* UserPalettesViewModel.swift */ = {isa = PBXFileReference; lastKnownFileType = sourcecode.swift; path = UserPalettesViewModel.swift; sourceTree = "<group>"; };
		8B698C712415134B0063E61A /* Palette.swift */ = {isa = PBXFileReference; lastKnownFileType = sourcecode.swift; path = Palette.swift; sourceTree = "<group>"; };
		8B698C73241517E80063E61A /* MainTapBarView.swift */ = {isa = PBXFileReference; lastKnownFileType = sourcecode.swift; path = MainTapBarView.swift; sourceTree = "<group>"; };
		8B698C75241579C60063E61A /* PaletteDetailView.swift */ = {isa = PBXFileReference; lastKnownFileType = sourcecode.swift; path = PaletteDetailView.swift; sourceTree = "<group>"; };
		8B698C77241613290063E61A /* PaletteRow.swift */ = {isa = PBXFileReference; lastKnownFileType = sourcecode.swift; path = PaletteRow.swift; sourceTree = "<group>"; };
/* End PBXFileReference section */

/* Begin PBXFrameworksBuildPhase section */
		8B698C5524150CEA0063E61A /* Frameworks */ = {
			isa = PBXFrameworksBuildPhase;
			buildActionMask = 2147483647;
			files = (
			);
			runOnlyForDeploymentPostprocessing = 0;
		};
/* End PBXFrameworksBuildPhase section */

/* Begin PBXGroup section */
		8B36215F241622FD00DD476E /* UserPalettes */ = {
			isa = PBXGroup;
			children = (
				8B698C5F24150CEA0063E61A /* UserPalettesView.swift */,
				8B698C6F2415116D0063E61A /* UserPalettesViewModel.swift */,
				8B698C77241613290063E61A /* PaletteRow.swift */,
			);
			path = UserPalettes;
			sourceTree = "<group>";
		};
		8B3621602416230900DD476E /* PaletteDetail */ = {
			isa = PBXGroup;
			children = (
				8B698C75241579C60063E61A /* PaletteDetailView.swift */,
			);
			path = PaletteDetail;
			sourceTree = "<group>";
		};
		8B698C4F24150CEA0063E61A = {
			isa = PBXGroup;
			children = (
				8B698C5A24150CEA0063E61A /* ColorPalette */,
				8B698C5924150CEA0063E61A /* Products */,
			);
			sourceTree = "<group>";
		};
		8B698C5924150CEA0063E61A /* Products */ = {
			isa = PBXGroup;
			children = (
				8B698C5824150CEA0063E61A /* ColorPalette.app */,
			);
			name = Products;
			sourceTree = "<group>";
		};
		8B698C5A24150CEA0063E61A /* ColorPalette */ = {
			isa = PBXGroup;
			children = (
				8B698C5B24150CEA0063E61A /* AppDelegate.swift */,
				8B698C5D24150CEA0063E61A /* SceneDelegate.swift */,
				8B698C79241619030063E61A /* Modules */,
				8B698C7A241619160063E61A /* Model */,
				8B698C73241517E80063E61A /* MainTapBarView.swift */,
				8B698C6124150CEB0063E61A /* Assets.xcassets */,
				8B698C6624150CEB0063E61A /* LaunchScreen.storyboard */,
				8B698C6924150CEB0063E61A /* Info.plist */,
				8B698C6324150CEB0063E61A /* Preview Content */,
			);
			path = ColorPalette;
			sourceTree = "<group>";
		};
		8B698C6324150CEB0063E61A /* Preview Content */ = {
			isa = PBXGroup;
			children = (
				8B698C6424150CEB0063E61A /* Preview Assets.xcassets */,
			);
			path = "Preview Content";
			sourceTree = "<group>";
		};
		8B698C79241619030063E61A /* Modules */ = {
			isa = PBXGroup;
			children = (
				8B36215F241622FD00DD476E /* UserPalettes */,
				8B3621602416230900DD476E /* PaletteDetail */,
			);
			path = Modules;
			sourceTree = "<group>";
		};
		8B698C7A241619160063E61A /* Model */ = {
			isa = PBXGroup;
			children = (
				8B698C712415134B0063E61A /* Palette.swift */,
			);
			path = Model;
			sourceTree = "<group>";
		};
/* End PBXGroup section */

/* Begin PBXNativeTarget section */
		8B698C5724150CEA0063E61A /* ColorPalette */ = {
			isa = PBXNativeTarget;
			buildConfigurationList = 8B698C6C24150CEB0063E61A /* Build configuration list for PBXNativeTarget "ColorPalette" */;
			buildPhases = (
				8B698C5424150CEA0063E61A /* Sources */,
				8B698C5524150CEA0063E61A /* Frameworks */,
				8B698C5624150CEA0063E61A /* Resources */,
			);
			buildRules = (
			);
			dependencies = (
			);
			name = ColorPalette;
			productName = ColorPalette;
			productReference = 8B698C5824150CEA0063E61A /* ColorPalette.app */;
			productType = "com.apple.product-type.application";
		};
/* End PBXNativeTarget section */

/* Begin PBXProject section */
		8B698C5024150CEA0063E61A /* Project object */ = {
			isa = PBXProject;
			attributes = {
				LastSwiftUpdateCheck = 1130;
				LastUpgradeCheck = 1130;
				ORGANIZATIONNAME = "Michael Borisov";
				TargetAttributes = {
					8B698C5724150CEA0063E61A = {
						CreatedOnToolsVersion = 11.3.1;
					};
				};
			};
			buildConfigurationList = 8B698C5324150CEA0063E61A /* Build configuration list for PBXProject "ColorPalette" */;
			compatibilityVersion = "Xcode 9.3";
			developmentRegion = en;
			hasScannedForEncodings = 0;
			knownRegions = (
				en,
				Base,
			);
			mainGroup = 8B698C4F24150CEA0063E61A;
			productRefGroup = 8B698C5924150CEA0063E61A /* Products */;
			projectDirPath = "";
			projectRoot = "";
			targets = (
				8B698C5724150CEA0063E61A /* ColorPalette */,
			);
		};
/* End PBXProject section */

/* Begin PBXResourcesBuildPhase section */
		8B698C5624150CEA0063E61A /* Resources */ = {
			isa = PBXResourcesBuildPhase;
			buildActionMask = 2147483647;
			files = (
				8B698C6824150CEB0063E61A /* LaunchScreen.storyboard in Resources */,
				8B698C6524150CEB0063E61A /* Preview Assets.xcassets in Resources */,
				8B698C6224150CEB0063E61A /* Assets.xcassets in Resources */,
			);
			runOnlyForDeploymentPostprocessing = 0;
		};
/* End PBXResourcesBuildPhase section */

/* Begin PBXSourcesBuildPhase section */
		8B698C5424150CEA0063E61A /* Sources */ = {
			isa = PBXSourcesBuildPhase;
			buildActionMask = 2147483647;
			files = (
				8B698C702415116D0063E61A /* UserPalettesViewModel.swift in Sources */,
				8B698C74241517E80063E61A /* MainTapBarView.swift in Sources */,
				8B698C78241613290063E61A /* PaletteRow.swift in Sources */,
				8B698C5C24150CEA0063E61A /* AppDelegate.swift in Sources */,
				8B698C722415134B0063E61A /* Palette.swift in Sources */,
				8B698C76241579C60063E61A /* PaletteDetailView.swift in Sources */,
				8B698C5E24150CEA0063E61A /* SceneDelegate.swift in Sources */,
				8B698C6024150CEA0063E61A /* UserPalettesView.swift in Sources */,
			);
			runOnlyForDeploymentPostprocessing = 0;
		};
/* End PBXSourcesBuildPhase section */

/* Begin PBXVariantGroup section */
		8B698C6624150CEB0063E61A /* LaunchScreen.storyboard */ = {
			isa = PBXVariantGroup;
			children = (
				8B698C6724150CEB0063E61A /* Base */,
			);
			name = LaunchScreen.storyboard;
			sourceTree = "<group>";
		};
/* End PBXVariantGroup section */

/* Begin XCBuildConfiguration section */
		8B698C6A24150CEB0063E61A /* Debug */ = {
			isa = XCBuildConfiguration;
			buildSettings = {
				ALWAYS_SEARCH_USER_PATHS = NO;
				CLANG_ANALYZER_NONNULL = YES;
				CLANG_ANALYZER_NUMBER_OBJECT_CONVERSION = YES_AGGRESSIVE;
				CLANG_CXX_LANGUAGE_STANDARD = "gnu++14";
				CLANG_CXX_LIBRARY = "libc++";
				CLANG_ENABLE_MODULES = YES;
				CLANG_ENABLE_OBJC_ARC = YES;
				CLANG_ENABLE_OBJC_WEAK = YES;
				CLANG_WARN_BLOCK_CAPTURE_AUTORELEASING = YES;
				CLANG_WARN_BOOL_CONVERSION = YES;
				CLANG_WARN_COMMA = YES;
				CLANG_WARN_CONSTANT_CONVERSION = YES;
				CLANG_WARN_DEPRECATED_OBJC_IMPLEMENTATIONS = YES;
				CLANG_WARN_DIRECT_OBJC_ISA_USAGE = YES_ERROR;
				CLANG_WARN_DOCUMENTATION_COMMENTS = YES;
				CLANG_WARN_EMPTY_BODY = YES;
				CLANG_WARN_ENUM_CONVERSION = YES;
				CLANG_WARN_INFINITE_RECURSION = YES;
				CLANG_WARN_INT_CONVERSION = YES;
				CLANG_WARN_NON_LITERAL_NULL_CONVERSION = YES;
				CLANG_WARN_OBJC_IMPLICIT_RETAIN_SELF = YES;
				CLANG_WARN_OBJC_LITERAL_CONVERSION = YES;
				CLANG_WARN_OBJC_ROOT_CLASS = YES_ERROR;
				CLANG_WARN_RANGE_LOOP_ANALYSIS = YES;
				CLANG_WARN_STRICT_PROTOTYPES = YES;
				CLANG_WARN_SUSPICIOUS_MOVE = YES;
				CLANG_WARN_UNGUARDED_AVAILABILITY = YES_AGGRESSIVE;
				CLANG_WARN_UNREACHABLE_CODE = YES;
				CLANG_WARN__DUPLICATE_METHOD_MATCH = YES;
				COPY_PHASE_STRIP = NO;
				DEBUG_INFORMATION_FORMAT = dwarf;
				ENABLE_STRICT_OBJC_MSGSEND = YES;
				ENABLE_TESTABILITY = YES;
				GCC_C_LANGUAGE_STANDARD = gnu11;
				GCC_DYNAMIC_NO_PIC = NO;
				GCC_NO_COMMON_BLOCKS = YES;
				GCC_OPTIMIZATION_LEVEL = 0;
				GCC_PREPROCESSOR_DEFINITIONS = (
					"DEBUG=1",
					"$(inherited)",
				);
				GCC_WARN_64_TO_32_BIT_CONVERSION = YES;
				GCC_WARN_ABOUT_RETURN_TYPE = YES_ERROR;
				GCC_WARN_UNDECLARED_SELECTOR = YES;
				GCC_WARN_UNINITIALIZED_AUTOS = YES_AGGRESSIVE;
				GCC_WARN_UNUSED_FUNCTION = YES;
				GCC_WARN_UNUSED_VARIABLE = YES;
				IPHONEOS_DEPLOYMENT_TARGET = 13.2;
				MTL_ENABLE_DEBUG_INFO = INCLUDE_SOURCE;
				MTL_FAST_MATH = YES;
				ONLY_ACTIVE_ARCH = YES;
				SDKROOT = iphoneos;
				SWIFT_ACTIVE_COMPILATION_CONDITIONS = DEBUG;
				SWIFT_OPTIMIZATION_LEVEL = "-Onone";
			};
			name = Debug;
		};
		8B698C6B24150CEB0063E61A /* Release */ = {
			isa = XCBuildConfiguration;
			buildSettings = {
				ALWAYS_SEARCH_USER_PATHS = NO;
				CLANG_ANALYZER_NONNULL = YES;
				CLANG_ANALYZER_NUMBER_OBJECT_CONVERSION = YES_AGGRESSIVE;
				CLANG_CXX_LANGUAGE_STANDARD = "gnu++14";
				CLANG_CXX_LIBRARY = "libc++";
				CLANG_ENABLE_MODULES = YES;
				CLANG_ENABLE_OBJC_ARC = YES;
				CLANG_ENABLE_OBJC_WEAK = YES;
				CLANG_WARN_BLOCK_CAPTURE_AUTORELEASING = YES;
				CLANG_WARN_BOOL_CONVERSION = YES;
				CLANG_WARN_COMMA = YES;
				CLANG_WARN_CONSTANT_CONVERSION = YES;
				CLANG_WARN_DEPRECATED_OBJC_IMPLEMENTATIONS = YES;
				CLANG_WARN_DIRECT_OBJC_ISA_USAGE = YES_ERROR;
				CLANG_WARN_DOCUMENTATION_COMMENTS = YES;
				CLANG_WARN_EMPTY_BODY = YES;
				CLANG_WARN_ENUM_CONVERSION = YES;
				CLANG_WARN_INFINITE_RECURSION = YES;
				CLANG_WARN_INT_CONVERSION = YES;
				CLANG_WARN_NON_LITERAL_NULL_CONVERSION = YES;
				CLANG_WARN_OBJC_IMPLICIT_RETAIN_SELF = YES;
				CLANG_WARN_OBJC_LITERAL_CONVERSION = YES;
				CLANG_WARN_OBJC_ROOT_CLASS = YES_ERROR;
				CLANG_WARN_RANGE_LOOP_ANALYSIS = YES;
				CLANG_WARN_STRICT_PROTOTYPES = YES;
				CLANG_WARN_SUSPICIOUS_MOVE = YES;
				CLANG_WARN_UNGUARDED_AVAILABILITY = YES_AGGRESSIVE;
				CLANG_WARN_UNREACHABLE_CODE = YES;
				CLANG_WARN__DUPLICATE_METHOD_MATCH = YES;
				COPY_PHASE_STRIP = NO;
				DEBUG_INFORMATION_FORMAT = "dwarf-with-dsym";
				ENABLE_NS_ASSERTIONS = NO;
				ENABLE_STRICT_OBJC_MSGSEND = YES;
				GCC_C_LANGUAGE_STANDARD = gnu11;
				GCC_NO_COMMON_BLOCKS = YES;
				GCC_WARN_64_TO_32_BIT_CONVERSION = YES;
				GCC_WARN_ABOUT_RETURN_TYPE = YES_ERROR;
				GCC_WARN_UNDECLARED_SELECTOR = YES;
				GCC_WARN_UNINITIALIZED_AUTOS = YES_AGGRESSIVE;
				GCC_WARN_UNUSED_FUNCTION = YES;
				GCC_WARN_UNUSED_VARIABLE = YES;
				IPHONEOS_DEPLOYMENT_TARGET = 13.2;
				MTL_ENABLE_DEBUG_INFO = NO;
				MTL_FAST_MATH = YES;
				SDKROOT = iphoneos;
				SWIFT_COMPILATION_MODE = wholemodule;
				SWIFT_OPTIMIZATION_LEVEL = "-O";
				VALIDATE_PRODUCT = YES;
			};
			name = Release;
		};
		8B698C6D24150CEB0063E61A /* Debug */ = {
			isa = XCBuildConfiguration;
			buildSettings = {
				ASSETCATALOG_COMPILER_APPICON_NAME = AppIcon;
				CODE_SIGN_STYLE = Automatic;
				DEVELOPMENT_ASSET_PATHS = "\"ColorPalette/Preview Content\"";
				DEVELOPMENT_TEAM = 38BRD9SJV7;
				ENABLE_PREVIEWS = YES;
				INFOPLIST_FILE = ColorPalette/Info.plist;
				LD_RUNPATH_SEARCH_PATHS = (
					"$(inherited)",
					"@executable_path/Frameworks",
				);
				PRODUCT_BUNDLE_IDENTIFIER = com.colors.ColorPalette;
				PRODUCT_NAME = "$(TARGET_NAME)";
				SWIFT_VERSION = 5.0;
				TARGETED_DEVICE_FAMILY = "1,2";
			};
			name = Debug;
		};
		8B698C6E24150CEB0063E61A /* Release */ = {
			isa = XCBuildConfiguration;
			buildSettings = {
				ASSETCATALOG_COMPILER_APPICON_NAME = AppIcon;
				CODE_SIGN_STYLE = Automatic;
				DEVELOPMENT_ASSET_PATHS = "\"ColorPalette/Preview Content\"";
				DEVELOPMENT_TEAM = 38BRD9SJV7;
				ENABLE_PREVIEWS = YES;
				INFOPLIST_FILE = ColorPalette/Info.plist;
				LD_RUNPATH_SEARCH_PATHS = (
					"$(inherited)",
					"@executable_path/Frameworks",
				);
				PRODUCT_BUNDLE_IDENTIFIER = com.colors.ColorPalette;
				PRODUCT_NAME = "$(TARGET_NAME)";
				SWIFT_VERSION = 5.0;
				TARGETED_DEVICE_FAMILY = "1,2";
			};
			name = Release;
		};
/* End XCBuildConfiguration section */

/* Begin XCConfigurationList section */
		8B698C5324150CEA0063E61A /* Build configuration list for PBXProject "ColorPalette" */ = {
			isa = XCConfigurationList;
			buildConfigurations = (
				8B698C6A24150CEB0063E61A /* Debug */,
				8B698C6B24150CEB0063E61A /* Release */,
			);
			defaultConfigurationIsVisible = 0;
			defaultConfigurationName = Release;
		};
		8B698C6C24150CEB0063E61A /* Build configuration list for PBXNativeTarget "ColorPalette" */ = {
			isa = XCConfigurationList;
			buildConfigurations = (
				8B698C6D24150CEB0063E61A /* Debug */,
				8B698C6E24150CEB0063E61A /* Release */,
			);
			defaultConfigurationIsVisible = 0;
			defaultConfigurationName = Release;
		};
/* End XCConfigurationList section */
	};
	rootObject = 8B698C5024150CEA0063E61A /* Project object */;
}
